
Microsoft Visual Studio Solution File, Format Version 12.00
# Visual Studio 14
VisualStudioVersion = 14.0.25420.1
MinimumVisualStudioVersion = 10.0.40219.1
Project("{FAE04EC0-301F-11D3-BF4B-00C04F79EFBC}") = "WPFPersona-UI", "WPFPersona-UI\WPFPersona-UI.csproj", "{9BE74997-EF8A-45BF-B98A-6D8029362382}"
EndProject
Project("{FAE04EC0-301F-11D3-BF4B-00C04F79EFBC}") = "WPFPersona-DAL", "WPFPersona-DAL\WPFPersona-DAL.csproj", "{AE0DD1C7-9249-439D-997B-A10D5057DBE4}"
EndProject
Project("{FAE04EC0-301F-11D3-BF4B-00C04F79EFBC}") = "WPFPersona-ENTITIES", "WPFPersona-ENTITIES\WPFPersona-ENTITIES.csproj", "{003161CB-5B94-4C83-8F16-7EE88B5BAA81}"
EndProject
Project("{FAE04EC0-301F-11D3-BF4B-00C04F79EFBC}") = "WPFPersonas-BL", "WPFPersonas-BL\WPFPersonas-BL.csproj", "{F930531F-8A83-47CC-A07D-9901D7C07E33}"
EndProject
Global
	GlobalSection(SolutionConfigurationPlatforms) = preSolution
		Debug|Any CPU = Debug|Any CPU
		Release|Any CPU = Release|Any CPU
	EndGlobalSection
	GlobalSection(ProjectConfigurationPlatforms) = postSolution
		{9BE74997-EF8A-45BF-B98A-6D8029362382}.Debug|Any CPU.ActiveCfg = Debug|Any CPU
		{9BE74997-EF8A-45BF-B98A-6D8029362382}.Debug|Any CPU.Build.0 = Debug|Any CPU
		{9BE74997-EF8A-45BF-B98A-6D8029362382}.Release|Any CPU.ActiveCfg = Release|Any CPU
		{9BE74997-EF8A-45BF-B98A-6D8029362382}.Release|Any CPU.Build.0 = Release|Any CPU
		{AE0DD1C7-9249-439D-997B-A10D5057DBE4}.Debug|Any CPU.ActiveCfg = Debug|Any CPU
		{AE0DD1C7-9249-439D-997B-A10D5057DBE4}.Debug|Any CPU.Build.0 = Debug|Any CPU
		{AE0DD1C7-9249-439D-997B-A10D5057DBE4}.Release|Any CPU.ActiveCfg = Release|Any CPU
		{AE0DD1C7-9249-439D-997B-A10D5057DBE4}.Release|Any CPU.Build.0 = Release|Any CPU
		{003161CB-5B94-4C83-8F16-7EE88B5BAA81}.Debug|Any CPU.ActiveCfg = Debug|Any CPU
		{003161CB-5B94-4C83-8F16-7EE88B5BAA81}.Debug|Any CPU.Build.0 = Debug|Any CPU
		{003161CB-5B94-4C83-8F16-7EE88B5BAA81}.Release|Any CPU.ActiveCfg = Release|Any CPU
		{003161CB-5B94-4C83-8F16-7EE88B5BAA81}.Release|Any CPU.Build.0 = Release|Any CPU
		{F930531F-8A83-47CC-A07D-9901D7C07E33}.Debug|Any CPU.ActiveCfg = Debug|Any CPU
		{F930531F-8A83-47CC-A07D-9901D7C07E33}.Debug|Any CPU.Build.0 = Debug|Any CPU
		{F930531F-8A83-47CC-A07D-9901D7C07E33}.Release|Any CPU.ActiveCfg = Release|Any CPU
		{F930531F-8A83-47CC-A07D-9901D7C07E33}.Release|Any CPU.Build.0 = Release|Any CPU
	EndGlobalSection
	GlobalSection(SolutionProperties) = preSolution
		HideSolutionNode = FALSE
	EndGlobalSection
EndGlobal
